
Microsoft Visual Studio Solution File, Format Version 12.00
# Visual Studio Version 17
VisualStudioVersion = 17.11.35327.3
MinimumVisualStudioVersion = 10.0.40219.1
Project("{FAE04EC0-301F-11D3-BF4B-00C04F79EFBC}") = "NetAi", "NetAi.csproj", "{45F67E79-7807-4280-BE1D-F38EF869D055}"
EndProject
Global
	GlobalSection(SolutionConfigurationPlatforms) = preSolution
		Debug|Any CPU = Debug|Any CPU
		Debug|x64 = Debug|x64
		Debug|x86 = Debug|x86
		Release|Any CPU = Release|Any CPU
		Release|x64 = Release|x64
		Release|x86 = Release|x86
		x86|Any CPU = x86|Any CPU
		x86|x64 = x86|x64
		x86|x86 = x86|x86
	EndGlobalSection
	GlobalSection(ProjectConfigurationPlatforms) = postSolution
		{45F67E79-7807-4280-BE1D-F38EF869D055}.Debug|Any CPU.ActiveCfg = Debug|Any CPU
		{45F67E79-7807-4280-BE1D-F38EF869D055}.Debug|Any CPU.Build.0 = Debug|Any CPU
		{45F67E79-7807-4280-BE1D-F38EF869D055}.Debug|x64.ActiveCfg = Debug|x64
		{45F67E79-7807-4280-BE1D-F38EF869D055}.Debug|x64.Build.0 = Debug|x64
		{45F67E79-7807-4280-BE1D-F38EF869D055}.Debug|x86.ActiveCfg = Debug|x86
		{45F67E79-7807-4280-BE1D-F38EF869D055}.Debug|x86.Build.0 = Debug|x86
		{45F67E79-7807-4280-BE1D-F38EF869D055}.Release|Any CPU.ActiveCfg = Release|Any CPU
		{45F67E79-7807-4280-BE1D-F38EF869D055}.Release|Any CPU.Build.0 = Release|Any CPU
		{45F67E79-7807-4280-BE1D-F38EF869D055}.Release|x64.ActiveCfg = Release|x64
		{45F67E79-7807-4280-BE1D-F38EF869D055}.Release|x64.Build.0 = Release|x64
		{45F67E79-7807-4280-BE1D-F38EF869D055}.Release|x86.ActiveCfg = Release|x86
		{45F67E79-7807-4280-BE1D-F38EF869D055}.Release|x86.Build.0 = Release|x86
		{45F67E79-7807-4280-BE1D-F38EF869D055}.x86|Any CPU.ActiveCfg = Release|Any CPU
		{45F67E79-7807-4280-BE1D-F38EF869D055}.x86|x64.ActiveCfg = Release|x64
		{45F67E79-7807-4280-BE1D-F38EF869D055}.x86|x86.ActiveCfg = Debug|x86
		{45F67E79-7807-4280-BE1D-F38EF869D055}.x86|x86.Build.0 = Debug|x86
	EndGlobalSection
	GlobalSection(SolutionProperties) = preSolution
		HideSolutionNode = FALSE
	EndGlobalSection
	GlobalSection(ExtensibilityGlobals) = postSolution
		SolutionGuid = {02F8E11B-F6EB-40FA-BDEF-13C52608B1D3}
	EndGlobalSection
EndGlobal
